
Microsoft Visual Studio Solution File, Format Version 12.00
# Visual Studio Version 17
VisualStudioVersion = 17.11.35312.102
MinimumVisualStudioVersion = 10.0.40219.1
Project("{8BC9CEB8-8B4A-11D0-8D11-00A0C91BC942}") = "P019 Listas", "P019 Listas\P019 Listas.vcxproj", "{48B0550E-B364-47ED-8B65-F130682F3608}"
EndProject
Global
	GlobalSection(SolutionConfigurationPlatforms) = preSolution
		Debug|x64 = Debug|x64
		Debug|x86 = Debug|x86
		Release|x64 = Release|x64
		Release|x86 = Release|x86
	EndGlobalSection
	GlobalSection(ProjectConfigurationPlatforms) = postSolution
		{48B0550E-B364-47ED-8B65-F130682F3608}.Debug|x64.ActiveCfg = Debug|x64
		{48B0550E-B364-47ED-8B65-F130682F3608}.Debug|x64.Build.0 = Debug|x64
		{48B0550E-B364-47ED-8B65-F130682F3608}.Debug|x86.ActiveCfg = Debug|Win32
		{48B0550E-B364-47ED-8B65-F130682F3608}.Debug|x86.Build.0 = Debug|Win32
		{48B0550E-B364-47ED-8B65-F130682F3608}.Release|x64.ActiveCfg = Release|x64
		{48B0550E-B364-47ED-8B65-F130682F3608}.Release|x64.Build.0 = Release|x64
		{48B0550E-B364-47ED-8B65-F130682F3608}.Release|x86.ActiveCfg = Release|Win32
		{48B0550E-B364-47ED-8B65-F130682F3608}.Release|x86.Build.0 = Release|Win32
	EndGlobalSection
	GlobalSection(SolutionProperties) = preSolution
		HideSolutionNode = FALSE
	EndGlobalSection
	GlobalSection(ExtensibilityGlobals) = postSolution
		SolutionGuid = {B1480A83-4818-454E-B03B-ECC8984AB66E}
	EndGlobalSection
EndGlobal
